// !$*UTF8*$!
{
	archiveVersion = 1;
	classes = {
	};
	objectVersion = 46;
	objects = {

/* Begin PBXBuildFile section */
		6A4F7A701AEEA5F3002E5AC9 /* AppDelegate.swift in Sources */ = {isa = PBXBuildFile; fileRef = 6A4F7A6F1AEEA5F3002E5AC9 /* AppDelegate.swift */; };
		6A4F7A731AEEA5F3002E5AC9 /* testeJSON.xcdatamodeld in Sources */ = {isa = PBXBuildFile; fileRef = 6A4F7A711AEEA5F3002E5AC9 /* testeJSON.xcdatamodeld */; };
		6A4F7A751AEEA5F3002E5AC9 /* ViewController.swift in Sources */ = {isa = PBXBuildFile; fileRef = 6A4F7A741AEEA5F3002E5AC9 /* ViewController.swift */; };
		6A4F7A781AEEA5F3002E5AC9 /* Main.storyboard in Resources */ = {isa = PBXBuildFile; fileRef = 6A4F7A761AEEA5F3002E5AC9 /* Main.storyboard */; };
		6A4F7A7A1AEEA5F3002E5AC9 /* Images.xcassets in Resources */ = {isa = PBXBuildFile; fileRef = 6A4F7A791AEEA5F3002E5AC9 /* Images.xcassets */; };
		6A4F7A7D1AEEA5F3002E5AC9 /* LaunchScreen.xib in Resources */ = {isa = PBXBuildFile; fileRef = 6A4F7A7B1AEEA5F3002E5AC9 /* LaunchScreen.xib */; };
		6A4F7A891AEEA5F3002E5AC9 /* testeJSONTests.swift in Sources */ = {isa = PBXBuildFile; fileRef = 6A4F7A881AEEA5F3002E5AC9 /* testeJSONTests.swift */; };
		6A4F7A931AEEA676002E5AC9 /* GitManager.swift in Sources */ = {isa = PBXBuildFile; fileRef = 6A4F7A921AEEA676002E5AC9 /* GitManager.swift */; };
/* End PBXBuildFile section */

/* Begin PBXContainerItemProxy section */
		6A4F7A831AEEA5F3002E5AC9 /* PBXContainerItemProxy */ = {
			isa = PBXContainerItemProxy;
			containerPortal = 6A4F7A621AEEA5F3002E5AC9 /* Project object */;
			proxyType = 1;
			remoteGlobalIDString = 6A4F7A691AEEA5F3002E5AC9;
			remoteInfo = testeJSON;
		};
/* End PBXContainerItemProxy section */

/* Begin PBXFileReference section */
		6A4F7A6A1AEEA5F3002E5AC9 /* testeJSON.app */ = {isa = PBXFileReference; explicitFileType = wrapper.application; includeInIndex = 0; path = testeJSON.app; sourceTree = BUILT_PRODUCTS_DIR; };
		6A4F7A6E1AEEA5F3002E5AC9 /* Info.plist */ = {isa = PBXFileReference; lastKnownFileType = text.plist.xml; path = Info.plist; sourceTree = "<group>"; };
		6A4F7A6F1AEEA5F3002E5AC9 /* AppDelegate.swift */ = {isa = PBXFileReference; lastKnownFileType = sourcecode.swift; path = AppDelegate.swift; sourceTree = "<group>"; };
		6A4F7A721AEEA5F3002E5AC9 /* testeJSON.xcdatamodel */ = {isa = PBXFileReference; lastKnownFileType = wrapper.xcdatamodel; path = testeJSON.xcdatamodel; sourceTree = "<group>"; };
		6A4F7A741AEEA5F3002E5AC9 /* ViewController.swift */ = {isa = PBXFileReference; lastKnownFileType = sourcecode.swift; path = ViewController.swift; sourceTree = "<group>"; };
		6A4F7A771AEEA5F3002E5AC9 /* Base */ = {isa = PBXFileReference; lastKnownFileType = file.storyboard; name = Base; path = Base.lproj/Main.storyboard; sourceTree = "<group>"; };
		6A4F7A791AEEA5F3002E5AC9 /* Images.xcassets */ = {isa = PBXFileReference; lastKnownFileType = folder.assetcatalog; path = Images.xcassets; sourceTree = "<group>"; };
		6A4F7A7C1AEEA5F3002E5AC9 /* Base */ = {isa = PBXFileReference; lastKnownFileType = file.xib; name = Base; path = Base.lproj/LaunchScreen.xib; sourceTree = "<group>"; };
		6A4F7A821AEEA5F3002E5AC9 /* testeJSONTests.xctest */ = {isa = PBXFileReference; explicitFileType = wrapper.cfbundle; includeInIndex = 0; path = testeJSONTests.xctest; sourceTree = BUILT_PRODUCTS_DIR; };
		6A4F7A871AEEA5F3002E5AC9 /* Info.plist */ = {isa = PBXFileReference; lastKnownFileType = text.plist.xml; path = Info.plist; sourceTree = "<group>"; };
		6A4F7A881AEEA5F3002E5AC9 /* testeJSONTests.swift */ = {isa = PBXFileReference; lastKnownFileType = sourcecode.swift; path = testeJSONTests.swift; sourceTree = "<group>"; };
		6A4F7A921AEEA676002E5AC9 /* GitManager.swift */ = {isa = PBXFileReference; fileEncoding = 4; lastKnownFileType = sourcecode.swift; path = GitManager.swift; sourceTree = "<group>"; };
/* End PBXFileReference section */

/* Begin PBXFrameworksBuildPhase section */
		6A4F7A671AEEA5F3002E5AC9 /* Frameworks */ = {
			isa = PBXFrameworksBuildPhase;
			buildActionMask = 2147483647;
			files = (
			);
			runOnlyForDeploymentPostprocessing = 0;
		};
		6A4F7A7F1AEEA5F3002E5AC9 /* Frameworks */ = {
			isa = PBXFrameworksBuildPhase;
			buildActionMask = 2147483647;
			files = (
			);
			runOnlyForDeploymentPostprocessing = 0;
		};
/* End PBXFrameworksBuildPhase section */

/* Begin PBXGroup section */
		6A4F7A611AEEA5F3002E5AC9 = {
			isa = PBXGroup;
			children = (
				6A4F7A6C1AEEA5F3002E5AC9 /* testeJSON */,
				6A4F7A851AEEA5F3002E5AC9 /* testeJSONTests */,
				6A4F7A6B1AEEA5F3002E5AC9 /* Products */,
			);
			sourceTree = "<group>";
		};
		6A4F7A6B1AEEA5F3002E5AC9 /* Products */ = {
			isa = PBXGroup;
			children = (
				6A4F7A6A1AEEA5F3002E5AC9 /* testeJSON.app */,
				6A4F7A821AEEA5F3002E5AC9 /* testeJSONTests.xctest */,
			);
			name = Products;
			sourceTree = "<group>";
		};
		6A4F7A6C1AEEA5F3002E5AC9 /* testeJSON */ = {
			isa = PBXGroup;
			children = (
				6A4F7A6F1AEEA5F3002E5AC9 /* AppDelegate.swift */,
				6A4F7A741AEEA5F3002E5AC9 /* ViewController.swift */,
				6A4F7A921AEEA676002E5AC9 /* GitManager.swift */,
				6A4F7A761AEEA5F3002E5AC9 /* Main.storyboard */,
				6A4F7A791AEEA5F3002E5AC9 /* Images.xcassets */,
				6A4F7A7B1AEEA5F3002E5AC9 /* LaunchScreen.xib */,
				6A4F7A711AEEA5F3002E5AC9 /* testeJSON.xcdatamodeld */,
				6A4F7A6D1AEEA5F3002E5AC9 /* Supporting Files */,
			);
			path = testeJSON;
			sourceTree = "<group>";
		};
		6A4F7A6D1AEEA5F3002E5AC9 /* Supporting Files */ = {
			isa = PBXGroup;
			children = (
				6A4F7A6E1AEEA5F3002E5AC9 /* Info.plist */,
			);
			name = "Supporting Files";
			sourceTree = "<group>";
		};
		6A4F7A851AEEA5F3002E5AC9 /* testeJSONTests */ = {
			isa = PBXGroup;
			children = (
				6A4F7A881AEEA5F3002E5AC9 /* testeJSONTests.swift */,
				6A4F7A861AEEA5F3002E5AC9 /* Supporting Files */,
			);
			path = testeJSONTests;
			sourceTree = "<group>";
		};
		6A4F7A861AEEA5F3002E5AC9 /* Supporting Files */ = {
			isa = PBXGroup;
			children = (
				6A4F7A871AEEA5F3002E5AC9 /* Info.plist */,
			);
			name = "Supporting Files";
			sourceTree = "<group>";
		};
/* End PBXGroup section */

/* Begin PBXNativeTarget section */
		6A4F7A691AEEA5F3002E5AC9 /* testeJSON */ = {
			isa = PBXNativeTarget;
			buildConfigurationList = 6A4F7A8C1AEEA5F3002E5AC9 /* Build configuration list for PBXNativeTarget "testeJSON" */;
			buildPhases = (
				6A4F7A661AEEA5F3002E5AC9 /* Sources */,
				6A4F7A671AEEA5F3002E5AC9 /* Frameworks */,
				6A4F7A681AEEA5F3002E5AC9 /* Resources */,
			);
			buildRules = (
			);
			dependencies = (
			);
			name = testeJSON;
			productName = testeJSON;
			productReference = 6A4F7A6A1AEEA5F3002E5AC9 /* testeJSON.app */;
			productType = "com.apple.product-type.application";
		};
		6A4F7A811AEEA5F3002E5AC9 /* testeJSONTests */ = {
			isa = PBXNativeTarget;
			buildConfigurationList = 6A4F7A8F1AEEA5F3002E5AC9 /* Build configuration list for PBXNativeTarget "testeJSONTests" */;
			buildPhases = (
				6A4F7A7E1AEEA5F3002E5AC9 /* Sources */,
				6A4F7A7F1AEEA5F3002E5AC9 /* Frameworks */,
				6A4F7A801AEEA5F3002E5AC9 /* Resources */,
			);
			buildRules = (
			);
			dependencies = (
				6A4F7A841AEEA5F3002E5AC9 /* PBXTargetDependency */,
			);
			name = testeJSONTests;
			productName = testeJSONTests;
			productReference = 6A4F7A821AEEA5F3002E5AC9 /* testeJSONTests.xctest */;
			productType = "com.apple.product-type.bundle.unit-test";
		};
/* End PBXNativeTarget section */

/* Begin PBXProject section */
		6A4F7A621AEEA5F3002E5AC9 /* Project object */ = {
			isa = PBXProject;
			attributes = {
				LastUpgradeCheck = 0630;
				ORGANIZATIONNAME = "Patricia de Abreu";
				TargetAttributes = {
					6A4F7A691AEEA5F3002E5AC9 = {
						CreatedOnToolsVersion = 6.3.1;
					};
					6A4F7A811AEEA5F3002E5AC9 = {
						CreatedOnToolsVersion = 6.3.1;
						TestTargetID = 6A4F7A691AEEA5F3002E5AC9;
					};
				};
			};
			buildConfigurationList = 6A4F7A651AEEA5F3002E5AC9 /* Build configuration list for PBXProject "testeJSON" */;
			compatibilityVersion = "Xcode 3.2";
			developmentRegion = English;
			hasScannedForEncodings = 0;
			knownRegions = (
				en,
				Base,
			);
			mainGroup = 6A4F7A611AEEA5F3002E5AC9;
			productRefGroup = 6A4F7A6B1AEEA5F3002E5AC9 /* Products */;
			projectDirPath = "";
			projectRoot = "";
			targets = (
				6A4F7A691AEEA5F3002E5AC9 /* testeJSON */,
				6A4F7A811AEEA5F3002E5AC9 /* testeJSONTests */,
			);
		};
/* End PBXProject section */

/* Begin PBXResourcesBuildPhase section */
		6A4F7A681AEEA5F3002E5AC9 /* Resources */ = {
			isa = PBXResourcesBuildPhase;
			buildActionMask = 2147483647;
			files = (
				6A4F7A781AEEA5F3002E5AC9 /* Main.storyboard in Resources */,
				6A4F7A7D1AEEA5F3002E5AC9 /* LaunchScreen.xib in Resources */,
				6A4F7A7A1AEEA5F3002E5AC9 /* Images.xcassets in Resources */,
			);
			runOnlyForDeploymentPostprocessing = 0;
		};
		6A4F7A801AEEA5F3002E5AC9 /* Resources */ = {
			isa = PBXResourcesBuildPhase;
			buildActionMask = 2147483647;
			files = (
			);
			runOnlyForDeploymentPostprocessing = 0;
		};
/* End PBXResourcesBuildPhase section */

/* Begin PBXSourcesBuildPhase section */
		6A4F7A661AEEA5F3002E5AC9 /* Sources */ = {
			isa = PBXSourcesBuildPhase;
			buildActionMask = 2147483647;
			files = (
				6A4F7A751AEEA5F3002E5AC9 /* ViewController.swift in Sources */,
				6A4F7A701AEEA5F3002E5AC9 /* AppDelegate.swift in Sources */,
				6A4F7A931AEEA676002E5AC9 /* GitManager.swift in Sources */,
				6A4F7A731AEEA5F3002E5AC9 /* testeJSON.xcdatamodeld in Sources */,
			);
			runOnlyForDeploymentPostprocessing = 0;
		};
		6A4F7A7E1AEEA5F3002E5AC9 /* Sources */ = {
			isa = PBXSourcesBuildPhase;
			buildActionMask = 2147483647;
			files = (
				6A4F7A891AEEA5F3002E5AC9 /* testeJSONTests.swift in Sources */,
			);
			runOnlyForDeploymentPostprocessing = 0;
		};
/* End PBXSourcesBuildPhase section */

/* Begin PBXTargetDependency section */
		6A4F7A841AEEA5F3002E5AC9 /* PBXTargetDependency */ = {
			isa = PBXTargetDependency;
			target = 6A4F7A691AEEA5F3002E5AC9 /* testeJSON */;
			targetProxy = 6A4F7A831AEEA5F3002E5AC9 /* PBXContainerItemProxy */;
		};
/* End PBXTargetDependency section */

/* Begin PBXVariantGroup section */
		6A4F7A761AEEA5F3002E5AC9 /* Main.storyboard */ = {
			isa = PBXVariantGroup;
			children = (
				6A4F7A771AEEA5F3002E5AC9 /* Base */,
			);
			name = Main.storyboard;
			sourceTree = "<group>";
		};
		6A4F7A7B1AEEA5F3002E5AC9 /* LaunchScreen.xib */ = {
			isa = PBXVariantGroup;
			children = (
				6A4F7A7C1AEEA5F3002E5AC9 /* Base */,
			);
			name = LaunchScreen.xib;
			sourceTree = "<group>";
		};
/* End PBXVariantGroup section */

/* Begin XCBuildConfiguration section */
		6A4F7A8A1AEEA5F3002E5AC9 /* Debug */ = {
			isa = XCBuildConfiguration;
			buildSettings = {
				ALWAYS_SEARCH_USER_PATHS = NO;
				CLANG_CXX_LANGUAGE_STANDARD = "gnu++0x";
				CLANG_CXX_LIBRARY = "libc++";
				CLANG_ENABLE_MODULES = YES;
				CLANG_ENABLE_OBJC_ARC = YES;
				CLANG_WARN_BOOL_CONVERSION = YES;
				CLANG_WARN_CONSTANT_CONVERSION = YES;
				CLANG_WARN_DIRECT_OBJC_ISA_USAGE = YES_ERROR;
				CLANG_WARN_EMPTY_BODY = YES;
				CLANG_WARN_ENUM_CONVERSION = YES;
				CLANG_WARN_INT_CONVERSION = YES;
				CLANG_WARN_OBJC_ROOT_CLASS = YES_ERROR;
				CLANG_WARN_UNREACHABLE_CODE = YES;
				CLANG_WARN__DUPLICATE_METHOD_MATCH = YES;
				"CODE_SIGN_IDENTITY[sdk=iphoneos*]" = "iPhone Developer";
				COPY_PHASE_STRIP = NO;
				DEBUG_INFORMATION_FORMAT = "dwarf-with-dsym";
				ENABLE_STRICT_OBJC_MSGSEND = YES;
				GCC_C_LANGUAGE_STANDARD = gnu99;
				GCC_DYNAMIC_NO_PIC = NO;
				GCC_NO_COMMON_BLOCKS = YES;
				GCC_OPTIMIZATION_LEVEL = 0;
				GCC_PREPROCESSOR_DEFINITIONS = (
					"DEBUG=1",
					"$(inherited)",
				);
				GCC_SYMBOLS_PRIVATE_EXTERN = NO;
				GCC_WARN_64_TO_32_BIT_CONVERSION = YES;
				GCC_WARN_ABOUT_RETURN_TYPE = YES_ERROR;
				GCC_WARN_UNDECLARED_SELECTOR = YES;
				GCC_WARN_UNINITIALIZED_AUTOS = YES_AGGRESSIVE;
				GCC_WARN_UNUSED_FUNCTION = YES;
				GCC_WARN_UNUSED_VARIABLE = YES;
				IPHONEOS_DEPLOYMENT_TARGET = 8.3;
				MTL_ENABLE_DEBUG_INFO = YES;
				ONLY_ACTIVE_ARCH = YES;
				SDKROOT = iphoneos;
				SWIFT_OPTIMIZATION_LEVEL = "-Onone";
			};
			name = Debug;
		};
		6A4F7A8B1AEEA5F3002E5AC9 /* Release */ = {
			isa = XCBuildConfiguration;
			buildSettings = {
				ALWAYS_SEARCH_USER_PATHS = NO;
				CLANG_CXX_LANGUAGE_STANDARD = "gnu++0x";
				CLANG_CXX_LIBRARY = "libc++";
				CLANG_ENABLE_MODULES = YES;
				CLANG_ENABLE_OBJC_ARC = YES;
				CLANG_WARN_BOOL_CONVERSION = YES;
				CLANG_WARN_CONSTANT_CONVERSION = YES;
				CLANG_WARN_DIRECT_OBJC_ISA_USAGE = YES_ERROR;
				CLANG_WARN_EMPTY_BODY = YES;
				CLANG_WARN_ENUM_CONVERSION = YES;
				CLANG_WARN_INT_CONVERSION = YES;
				CLANG_WARN_OBJC_ROOT_CLASS = YES_ERROR;
				CLANG_WARN_UNREACHABLE_CODE = YES;
				CLANG_WARN__DUPLICATE_METHOD_MATCH = YES;
				"CODE_SIGN_IDENTITY[sdk=iphoneos*]" = "iPhone Developer";
				COPY_PHASE_STRIP = NO;
				DEBUG_INFORMATION_FORMAT = "dwarf-with-dsym";
				ENABLE_NS_ASSERTIONS = NO;
				ENABLE_STRICT_OBJC_MSGSEND = YES;
				GCC_C_LANGUAGE_STANDARD = gnu99;
				GCC_NO_COMMON_BLOCKS = YES;
				GCC_WARN_64_TO_32_BIT_CONVERSION = YES;
				GCC_WARN_ABOUT_RETURN_TYPE = YES_ERROR;
				GCC_WARN_UNDECLARED_SELECTOR = YES;
				GCC_WARN_UNINITIALIZED_AUTOS = YES_AGGRESSIVE;
				GCC_WARN_UNUSED_FUNCTION = YES;
				GCC_WARN_UNUSED_VARIABLE = YES;
				IPHONEOS_DEPLOYMENT_TARGET = 8.3;
				MTL_ENABLE_DEBUG_INFO = NO;
				SDKROOT = iphoneos;
				VALIDATE_PRODUCT = YES;
			};
			name = Release;
		};
		6A4F7A8D1AEEA5F3002E5AC9 /* Debug */ = {
			isa = XCBuildConfiguration;
			buildSettings = {
				ASSETCATALOG_COMPILER_APPICON_NAME = AppIcon;
				INFOPLIST_FILE = testeJSON/Info.plist;
				LD_RUNPATH_SEARCH_PATHS = "$(inherited) @executable_path/Frameworks";
				PRODUCT_NAME = "$(TARGET_NAME)";
			};
			name = Debug;
		};
		6A4F7A8E1AEEA5F3002E5AC9 /* Release */ = {
			isa = XCBuildConfiguration;
			buildSettings = {
				ASSETCATALOG_COMPILER_APPICON_NAME = AppIcon;
				INFOPLIST_FILE = testeJSON/Info.plist;
				LD_RUNPATH_SEARCH_PATHS = "$(inherited) @executable_path/Frameworks";
				PRODUCT_NAME = "$(TARGET_NAME)";
			};
			name = Release;
		};
		6A4F7A901AEEA5F3002E5AC9 /* Debug */ = {
			isa = XCBuildConfiguration;
			buildSettings = {
				BUNDLE_LOADER = "$(TEST_HOST)";
				FRAMEWORK_SEARCH_PATHS = (
					"$(SDKROOT)/Developer/Library/Frameworks",
					"$(inherited)",
				);
				GCC_PREPROCESSOR_DEFINITIONS = (
					"DEBUG=1",
					"$(inherited)",
				);
				INFOPLIST_FILE = testeJSONTests/Info.plist;
				LD_RUNPATH_SEARCH_PATHS = "$(inherited) @executable_path/Frameworks @loader_path/Frameworks";
				PRODUCT_NAME = "$(TARGET_NAME)";
				TEST_HOST = "$(BUILT_PRODUCTS_DIR)/testeJSON.app/testeJSON";
			};
			name = Debug;
		};
		6A4F7A911AEEA5F3002E5AC9 /* Release */ = {
			isa = XCBuildConfiguration;
			buildSettings = {
				BUNDLE_LOADER = "$(TEST_HOST)";
				FRAMEWORK_SEARCH_PATHS = (
					"$(SDKROOT)/Developer/Library/Frameworks",
					"$(inherited)",
				);
				INFOPLIST_FILE = testeJSONTests/Info.plist;
				LD_RUNPATH_SEARCH_PATHS = "$(inherited) @executable_path/Frameworks @loader_path/Frameworks";
				PRODUCT_NAME = "$(TARGET_NAME)";
				TEST_HOST = "$(BUILT_PRODUCTS_DIR)/testeJSON.app/testeJSON";
			};
			name = Release;
		};
/* End XCBuildConfiguration section */

/* Begin XCConfigurationList section */
		6A4F7A651AEEA5F3002E5AC9 /* Build configuration list for PBXProject "testeJSON" */ = {
			isa = XCConfigurationList;
			buildConfigurations = (
				6A4F7A8A1AEEA5F3002E5AC9 /* Debug */,
				6A4F7A8B1AEEA5F3002E5AC9 /* Release */,
			);
			defaultConfigurationIsVisible = 0;
			defaultConfigurationName = Release;
		};
		6A4F7A8C1AEEA5F3002E5AC9 /* Build configuration list for PBXNativeTarget "testeJSON" */ = {
			isa = XCConfigurationList;
			buildConfigurations = (
				6A4F7A8D1AEEA5F3002E5AC9 /* Debug */,
				6A4F7A8E1AEEA5F3002E5AC9 /* Release */,
			);
			defaultConfigurationIsVisible = 0;
		};
		6A4F7A8F1AEEA5F3002E5AC9 /* Build configuration list for PBXNativeTarget "testeJSONTests" */ = {
			isa = XCConfigurationList;
			buildConfigurations = (
				6A4F7A901AEEA5F3002E5AC9 /* Debug */,
				6A4F7A911AEEA5F3002E5AC9 /* Release */,
			);
			defaultConfigurationIsVisible = 0;
		};
/* End XCConfigurationList section */

/* Begin XCVersionGroup section */
		6A4F7A711AEEA5F3002E5AC9 /* testeJSON.xcdatamodeld */ = {
			isa = XCVersionGroup;
			children = (
				6A4F7A721AEEA5F3002E5AC9 /* testeJSON.xcdatamodel */,
			);
			currentVersion = 6A4F7A721AEEA5F3002E5AC9 /* testeJSON.xcdatamodel */;
			path = testeJSON.xcdatamodeld;
			sourceTree = "<group>";
			versionGroupType = wrapper.xcdatamodel;
		};
/* End XCVersionGroup section */
	};
	rootObject = 6A4F7A621AEEA5F3002E5AC9 /* Project object */;
}
